
Microsoft Visual Studio Solution File, Format Version 12.00
# Visual Studio Version 17
VisualStudioVersion = 17.0.32112.339
MinimumVisualStudioVersion = 10.0.40219.1
Project("{FAE04EC0-301F-11D3-BF4B-00C04F79EFBC}") = "Template_BD", "Template_BD\Template_BD.csproj", "{0B85265F-4478-4BFE-B197-C99585C12972}"
EndProject
Global
	GlobalSection(SolutionConfigurationPlatforms) = preSolution
		Debug|Any CPU = Debug|Any CPU
		Release|Any CPU = Release|Any CPU
	EndGlobalSection
	GlobalSection(ProjectConfigurationPlatforms) = postSolution
		{0B85265F-4478-4BFE-B197-C99585C12972}.Debug|Any CPU.ActiveCfg = Debug|Any CPU
		{0B85265F-4478-4BFE-B197-C99585C12972}.Debug|Any CPU.Build.0 = Debug|Any CPU
		{0B85265F-4478-4BFE-B197-C99585C12972}.Release|Any CPU.ActiveCfg = Release|Any CPU
		{0B85265F-4478-4BFE-B197-C99585C12972}.Release|Any CPU.Build.0 = Release|Any CPU
	EndGlobalSection
	GlobalSection(SolutionProperties) = preSolution
		HideSolutionNode = FALSE
	EndGlobalSection
	GlobalSection(ExtensibilityGlobals) = postSolution
		SolutionGuid = {DB829CE6-931D-4A52-A581-FD6D9B9AEB6F}
	EndGlobalSection
EndGlobal
